# THIS IS AN AUTOGENERATED FILE. DO NOT EDIT THIS FILE DIRECTLY.
# yarn lockfile v1


hooks-react-useforms@^0.0.5:
  version "0.0.5"
  resolved "https://registry.yarnpkg.com/hooks-react-useforms/-/hooks-react-useforms-0.0.5.tgz#7bda77e8b1b952dbfc814885748ec52cd1565391"
  integrity sha512-syF7Lp+neEXlFv9/AbBIeVWzRNfT9luhgn3lF0TnKrLIeUdCSgseryswyGhgeLxQut3jam5hrxrDJfd6ZKdMNg==

typescript@^3.9.7:
  version "3.9.7"
  resolved "https://registry.yarnpkg.com/typescript/-/typescript-3.9.7.tgz#98d600a5ebdc38f40cb277522f12dc800e9e25fa"
  integrity sha512-BLbiRkiBzAwsjut4x/dsibSTB6yWpwT5qWmC2OfuCg3GgVQCSgMs4vEctYPhsaGtd0AeuuHMkjZ2h2WG8MSzRw==
